
Microsoft Visual Studio Solution File, Format Version 12.00
# Visual Studio Version 16
VisualStudioVersion = 16.0.32802.440
MinimumVisualStudioVersion = 10.0.40219.1
Project("{2150E333-8FDC-42A3-9474-1A3956D46DE8}") = "Presentacion", "Presentacion", "{E241FC2F-3C76-4BC8-BB1A-76E86C1A64A0}"
EndProject
Project("{2150E333-8FDC-42A3-9474-1A3956D46DE8}") = "Negocio", "Negocio", "{1B2142C1-0953-4B82-ADE5-175FCE569438}"
EndProject
Project("{2150E333-8FDC-42A3-9474-1A3956D46DE8}") = "Datos", "Datos", "{040B5E25-4B50-4DC9-B28D-F8A525CBF206}"
EndProject
Project("{FAE04EC0-301F-11D3-BF4B-00C04F79EFBC}") = "PruebaComponente.Web", "PruebaComponente.Web\PruebaComponente.Web.csproj", "{0E8E361B-929A-4AA4-B343-3618B2CE889F}"
	ProjectSection(ProjectDependencies) = postProject
		{02D43DD1-5B13-42C0-866B-B38A9A0B8F52} = {02D43DD1-5B13-42C0-866B-B38A9A0B8F52}
	EndProjectSection
EndProject
Project("{FAE04EC0-301F-11D3-BF4B-00C04F79EFBC}") = "PruebaComponente.DAL", "PruebaComponente.DAL\PruebaComponente.DAL.csproj", "{14DFCF63-0738-4201-9092-AEE8FC39C188}"
EndProject
Project("{FAE04EC0-301F-11D3-BF4B-00C04F79EFBC}") = "PruebaComponente.API", "PruebaComponente.API\PruebaComponente.API.csproj", "{0027326B-86F9-442A-90FD-5F8F602BC27B}"
EndProject
Project("{FAE04EC0-301F-11D3-BF4B-00C04F79EFBC}") = "PruebaComponente.BLL", "PruebaComponente.BLL\PruebaComponente.BLL.csproj", "{C2601D3B-D9BC-4689-80A9-538C9FBB145E}"
EndProject
Project("{FAE04EC0-301F-11D3-BF4B-00C04F79EFBC}") = "PruebaComponente.WCF", "PruebaComponente.WCF\PruebaComponente.WCF.csproj", "{02D43DD1-5B13-42C0-866B-B38A9A0B8F52}"
EndProject
Global
	GlobalSection(SolutionConfigurationPlatforms) = preSolution
		Debug|Any CPU = Debug|Any CPU
		Release|Any CPU = Release|Any CPU
	EndGlobalSection
	GlobalSection(ProjectConfigurationPlatforms) = postSolution
		{0E8E361B-929A-4AA4-B343-3618B2CE889F}.Debug|Any CPU.ActiveCfg = Debug|Any CPU
		{0E8E361B-929A-4AA4-B343-3618B2CE889F}.Debug|Any CPU.Build.0 = Debug|Any CPU
		{0E8E361B-929A-4AA4-B343-3618B2CE889F}.Release|Any CPU.ActiveCfg = Release|Any CPU
		{0E8E361B-929A-4AA4-B343-3618B2CE889F}.Release|Any CPU.Build.0 = Release|Any CPU
		{14DFCF63-0738-4201-9092-AEE8FC39C188}.Debug|Any CPU.ActiveCfg = Debug|Any CPU
		{14DFCF63-0738-4201-9092-AEE8FC39C188}.Debug|Any CPU.Build.0 = Debug|Any CPU
		{14DFCF63-0738-4201-9092-AEE8FC39C188}.Release|Any CPU.ActiveCfg = Release|Any CPU
		{14DFCF63-0738-4201-9092-AEE8FC39C188}.Release|Any CPU.Build.0 = Release|Any CPU
		{0027326B-86F9-442A-90FD-5F8F602BC27B}.Debug|Any CPU.ActiveCfg = Debug|Any CPU
		{0027326B-86F9-442A-90FD-5F8F602BC27B}.Debug|Any CPU.Build.0 = Debug|Any CPU
		{0027326B-86F9-442A-90FD-5F8F602BC27B}.Release|Any CPU.ActiveCfg = Release|Any CPU
		{0027326B-86F9-442A-90FD-5F8F602BC27B}.Release|Any CPU.Build.0 = Release|Any CPU
		{C2601D3B-D9BC-4689-80A9-538C9FBB145E}.Debug|Any CPU.ActiveCfg = Debug|Any CPU
		{C2601D3B-D9BC-4689-80A9-538C9FBB145E}.Debug|Any CPU.Build.0 = Debug|Any CPU
		{C2601D3B-D9BC-4689-80A9-538C9FBB145E}.Release|Any CPU.ActiveCfg = Release|Any CPU
		{C2601D3B-D9BC-4689-80A9-538C9FBB145E}.Release|Any CPU.Build.0 = Release|Any CPU
		{02D43DD1-5B13-42C0-866B-B38A9A0B8F52}.Debug|Any CPU.ActiveCfg = Debug|Any CPU
		{02D43DD1-5B13-42C0-866B-B38A9A0B8F52}.Debug|Any CPU.Build.0 = Debug|Any CPU
		{02D43DD1-5B13-42C0-866B-B38A9A0B8F52}.Release|Any CPU.ActiveCfg = Release|Any CPU
		{02D43DD1-5B13-42C0-866B-B38A9A0B8F52}.Release|Any CPU.Build.0 = Release|Any CPU
	EndGlobalSection
	GlobalSection(SolutionProperties) = preSolution
		HideSolutionNode = FALSE
	EndGlobalSection
	GlobalSection(NestedProjects) = preSolution
		{0E8E361B-929A-4AA4-B343-3618B2CE889F} = {E241FC2F-3C76-4BC8-BB1A-76E86C1A64A0}
		{14DFCF63-0738-4201-9092-AEE8FC39C188} = {040B5E25-4B50-4DC9-B28D-F8A525CBF206}
		{0027326B-86F9-442A-90FD-5F8F602BC27B} = {1B2142C1-0953-4B82-ADE5-175FCE569438}
		{C2601D3B-D9BC-4689-80A9-538C9FBB145E} = {1B2142C1-0953-4B82-ADE5-175FCE569438}
		{02D43DD1-5B13-42C0-866B-B38A9A0B8F52} = {1B2142C1-0953-4B82-ADE5-175FCE569438}
	EndGlobalSection
	GlobalSection(ExtensibilityGlobals) = postSolution
		SolutionGuid = {262184AB-BEFE-45E7-9F8A-40149E21032A}
	EndGlobalSection
EndGlobal
